lockfileVersion: 5.4

specifiers:
  '@types/node': ^18.11.9
  '@types/prettier': ^2.7.1
  prettier: ^2.7.1
  typescript: ^4.8.4

dependencies:
  '@types/node': 18.11.9
  '@types/prettier': 2.7.1
  prettier: 2.7.1
  typescript: 4.8.4

packages:

  /@types/node/18.11.9:
    resolution: {integrity: sha512-CRpX21/kGdzjOpFsZSkcrXMGIBWMGNIHXXBVFSH+ggkftxg+XYP20TESbh+zFvFj3EQOl5byk0HTRn1IL6hbqg==}
    dev: false

  /@types/prettier/2.7.1:
    resolution: {integrity: sha512-ri0UmynRRvZiiUJdiz38MmIblKK+oH30MztdBVR95dv/Ubw6neWSb8u1XpRb72L4qsZOhz+L+z9JD40SJmfWow==}
    dev: false

  /prettier/2.7.1:
    resolution: {integrity: sha512-ujppO+MkdPqoVINuDFDRLClm7D78qbDt0/NR+wp5FqEZOoTNAjPHWj17QRhu7geIHJfcNhRk1XVQmF8Bp3ye+g==}
    engines: {node: '>=10.13.0'}
    hasBin: true
    dev: false

  /typescript/4.8.4:
    resolution: {integrity: sha512-QCh+85mCy+h0IGff8r5XWzOVSbBO+KfeYrMQh7NJ58QujwcE22u+NUSmUxqF+un70P9GXKxa2HCNiTTMJknyjQ==}
    engines: {node: '>=4.2.0'}
    hasBin: true
    dev: false
